
Microsoft Visual Studio Solution File, Format Version 12.00
# Visual Studio 15
VisualStudioVersion = 15.0.27703.2042
MinimumVisualStudioVersion = 10.0.40219.1
Project("{FAE04EC0-301F-11D3-BF4B-00C04F79EFBC}") = "SistemaRestaurante", "SistemaRestaurante\SistemaRestaurante.csproj", "{1471E3E3-FB53-40BC-A3A3-2520B7E95D2C}"
EndProject
Global
	GlobalSection(SolutionConfigurationPlatforms) = preSolution
		Debug|Any CPU = Debug|Any CPU
		Release|Any CPU = Release|Any CPU
	EndGlobalSection
	GlobalSection(ProjectConfigurationPlatforms) = postSolution
		{1471E3E3-FB53-40BC-A3A3-2520B7E95D2C}.Debug|Any CPU.ActiveCfg = Debug|Any CPU
		{1471E3E3-FB53-40BC-A3A3-2520B7E95D2C}.Debug|Any CPU.Build.0 = Debug|Any CPU
		{1471E3E3-FB53-40BC-A3A3-2520B7E95D2C}.Release|Any CPU.ActiveCfg = Release|Any CPU
		{1471E3E3-FB53-40BC-A3A3-2520B7E95D2C}.Release|Any CPU.Build.0 = Release|Any CPU
	EndGlobalSection
	GlobalSection(SolutionProperties) = preSolution
		HideSolutionNode = FALSE
	EndGlobalSection
	GlobalSection(ExtensibilityGlobals) = postSolution
		SolutionGuid = {D75BA1DF-FD62-4EDA-ACC1-EAE8E7D4A16C}
	EndGlobalSection
EndGlobal
